
Microsoft Visual Studio Solution File, Format Version 12.00
# Visual Studio Version 17
VisualStudioVersion = 17.14.36930.0 d17.14
MinimumVisualStudioVersion = 10.0.40219.1
Project("{FAE04EC0-301F-11D3-BF4B-00C04F79EFBC}") = "ExeptionsTasks", "ExeptionsTasks\ExeptionsTasks.csproj", "{4B2EF1BC-D9D7-448A-9460-C8B9E0204CA7}"
EndProject
Global
	GlobalSection(SolutionConfigurationPlatforms) = preSolution
		Debug|Any CPU = Debug|Any CPU
		Release|Any CPU = Release|Any CPU
	EndGlobalSection
	GlobalSection(ProjectConfigurationPlatforms) = postSolution
		{4B2EF1BC-D9D7-448A-9460-C8B9E0204CA7}.Debug|Any CPU.ActiveCfg = Debug|Any CPU
		{4B2EF1BC-D9D7-448A-9460-C8B9E0204CA7}.Debug|Any CPU.Build.0 = Debug|Any CPU
		{4B2EF1BC-D9D7-448A-9460-C8B9E0204CA7}.Release|Any CPU.ActiveCfg = Release|Any CPU
		{4B2EF1BC-D9D7-448A-9460-C8B9E0204CA7}.Release|Any CPU.Build.0 = Release|Any CPU
	EndGlobalSection
	GlobalSection(SolutionProperties) = preSolution
		HideSolutionNode = FALSE
	EndGlobalSection
	GlobalSection(ExtensibilityGlobals) = postSolution
		SolutionGuid = {5DBA3722-518B-4360-B2A5-0643B733C1EE}
	EndGlobalSection
EndGlobal
